schema: '2.0'
stages:
  prepare:
    cmd: python src/data_prep.py
    deps:
    - path: data/raw
      hash: md5
      md5: 7061708904fa3bcd021ef73b4f9ffe5f.dir
      size: 8578802790
      nfiles: 11196
    - path: src/data_prep.py
      hash: md5
      md5: 82e4eeeabe38fce7fa0cf4142bf258f6
      size: 5570
    outs:
    - path: data/processed
      hash: md5
      md5: 3bf0a6646dd9be382491a649c7c89b96.dir
      size: 17628035135
      nfiles: 5598
  train:
    cmd: python -m src.train
    deps:
    - path: data/processed
      hash: md5
      md5: 3bf0a6646dd9be382491a649c7c89b96.dir
      size: 17628035135
      nfiles: 5598
    - path: src/data_loader.py
      hash: md5
      md5: 779cffbf407416164d9abba15a5c46f6
      size: 3388
    - path: src/metrics.py
      hash: md5
      md5: 920443c1acf1279c0634aebf39e06c25
      size: 1303
    - path: src/model.py
      hash: md5
      md5: 558a0e87e10411529b327eb67fcec274
      size: 3479
    - path: src/train.py
      hash: md5
      md5: 73b9859fa6433dffc5e2d27b6313516d
      size: 4250
    outs:
    - path: metrics.json
      hash: md5
      md5: 980e275dd6d18534ab0977c2922e48d1
      size: 56
    - path: models/unet_model.h5
      hash: md5
      md5: ec4d4be5b9553ea48a7ad3ff800569ea
      size: 304667192
  evaluate:
    cmd: python -m src.evaluate
    deps:
    - path: data/processed
      hash: md5
      md5: 3bf0a6646dd9be382491a649c7c89b96.dir
      size: 17628035135
      nfiles: 5598
    - path: models/unet_model.h5
      hash: md5
      md5: ec4d4be5b9553ea48a7ad3ff800569ea
      size: 304667192
    - path: src/data_loader.py
      hash: md5
      md5: 779cffbf407416164d9abba15a5c46f6
      size: 3388
    - path: src/evaluate.py
      hash: md5
      md5: 7728021d792d9991c30b397883877aaa
      size: 1889
    - path: src/metrics.py
      hash: md5
      md5: 920443c1acf1279c0634aebf39e06c25
      size: 1303
    outs:
    - path: eval_metrics.json
      hash: md5
      md5: 3e14892dc0643d031a0b28a83ecdd9b0
      size: 103
